
Microsoft Visual Studio Solution File, Format Version 12.00
# Visual Studio Version 17
VisualStudioVersion = 17.6.33712.159
MinimumVisualStudioVersion = 10.0.40219.1
Project("{8BC9CEB8-8B4A-11D0-8D11-00A0C91BC942}") = "小蓝鲸找矩形", "小蓝鲸找矩形.vcxproj", "{6AEAD31A-7752-4516-A65F-950D95357819}"
EndProject
Global
	GlobalSection(SolutionConfigurationPlatforms) = preSolution
		Debug|x64 = Debug|x64
		Debug|x86 = Debug|x86
		Release|x64 = Release|x64
		Release|x86 = Release|x86
	EndGlobalSection
	GlobalSection(ProjectConfigurationPlatforms) = postSolution
		{6AEAD31A-7752-4516-A65F-950D95357819}.Debug|x64.ActiveCfg = Debug|x64
		{6AEAD31A-7752-4516-A65F-950D95357819}.Debug|x64.Build.0 = Debug|x64
		{6AEAD31A-7752-4516-A65F-950D95357819}.Debug|x86.ActiveCfg = Debug|Win32
		{6AEAD31A-7752-4516-A65F-950D95357819}.Debug|x86.Build.0 = Debug|Win32
		{6AEAD31A-7752-4516-A65F-950D95357819}.Release|x64.ActiveCfg = Release|x64
		{6AEAD31A-7752-4516-A65F-950D95357819}.Release|x64.Build.0 = Release|x64
		{6AEAD31A-7752-4516-A65F-950D95357819}.Release|x86.ActiveCfg = Release|Win32
		{6AEAD31A-7752-4516-A65F-950D95357819}.Release|x86.Build.0 = Release|Win32
	EndGlobalSection
	GlobalSection(SolutionProperties) = preSolution
		HideSolutionNode = FALSE
	EndGlobalSection
	GlobalSection(ExtensibilityGlobals) = postSolution
		SolutionGuid = {A6F37580-8221-4BAA-A3CF-59C6FBDA4E1A}
	EndGlobalSection
EndGlobal
