
Microsoft Visual Studio Solution File, Format Version 12.00
# Visual Studio Version 17
VisualStudioVersion = 17.6.33712.159
MinimumVisualStudioVersion = 10.0.40219.1
Project("{8BC9CEB8-8B4A-11D0-8D11-00A0C91BC942}") = "不完全摆烂的勤劳时光 (Hard Verison)", "不完全摆烂的勤劳时光 (Hard Verison).vcxproj", "{A219A252-D035-4F5A-A19B-5393C949DFDC}"
EndProject
Global
	GlobalSection(SolutionConfigurationPlatforms) = preSolution
		Debug|x64 = Debug|x64
		Debug|x86 = Debug|x86
		Release|x64 = Release|x64
		Release|x86 = Release|x86
	EndGlobalSection
	GlobalSection(ProjectConfigurationPlatforms) = postSolution
		{A219A252-D035-4F5A-A19B-5393C949DFDC}.Debug|x64.ActiveCfg = Debug|x64
		{A219A252-D035-4F5A-A19B-5393C949DFDC}.Debug|x64.Build.0 = Debug|x64
		{A219A252-D035-4F5A-A19B-5393C949DFDC}.Debug|x86.ActiveCfg = Debug|Win32
		{A219A252-D035-4F5A-A19B-5393C949DFDC}.Debug|x86.Build.0 = Debug|Win32
		{A219A252-D035-4F5A-A19B-5393C949DFDC}.Release|x64.ActiveCfg = Release|x64
		{A219A252-D035-4F5A-A19B-5393C949DFDC}.Release|x64.Build.0 = Release|x64
		{A219A252-D035-4F5A-A19B-5393C949DFDC}.Release|x86.ActiveCfg = Release|Win32
		{A219A252-D035-4F5A-A19B-5393C949DFDC}.Release|x86.Build.0 = Release|Win32
	EndGlobalSection
	GlobalSection(SolutionProperties) = preSolution
		HideSolutionNode = FALSE
	EndGlobalSection
	GlobalSection(ExtensibilityGlobals) = postSolution
		SolutionGuid = {B609E6A9-3035-4B29-A175-C9E06B85C467}
	EndGlobalSection
EndGlobal
