
Microsoft Visual Studio Solution File, Format Version 12.00
# Visual Studio Version 17
VisualStudioVersion = 17.6.33712.159
MinimumVisualStudioVersion = 10.0.40219.1
Project("{8BC9CEB8-8B4A-11D0-8D11-00A0C91BC942}") = "修斜坡", "修斜坡.vcxproj", "{0379955E-FCD3-4B86-9AAA-2F33E60FADE4}"
EndProject
Global
	GlobalSection(SolutionConfigurationPlatforms) = preSolution
		Debug|x64 = Debug|x64
		Debug|x86 = Debug|x86
		Release|x64 = Release|x64
		Release|x86 = Release|x86
	EndGlobalSection
	GlobalSection(ProjectConfigurationPlatforms) = postSolution
		{0379955E-FCD3-4B86-9AAA-2F33E60FADE4}.Debug|x64.ActiveCfg = Debug|x64
		{0379955E-FCD3-4B86-9AAA-2F33E60FADE4}.Debug|x64.Build.0 = Debug|x64
		{0379955E-FCD3-4B86-9AAA-2F33E60FADE4}.Debug|x86.ActiveCfg = Debug|Win32
		{0379955E-FCD3-4B86-9AAA-2F33E60FADE4}.Debug|x86.Build.0 = Debug|Win32
		{0379955E-FCD3-4B86-9AAA-2F33E60FADE4}.Release|x64.ActiveCfg = Release|x64
		{0379955E-FCD3-4B86-9AAA-2F33E60FADE4}.Release|x64.Build.0 = Release|x64
		{0379955E-FCD3-4B86-9AAA-2F33E60FADE4}.Release|x86.ActiveCfg = Release|Win32
		{0379955E-FCD3-4B86-9AAA-2F33E60FADE4}.Release|x86.Build.0 = Release|Win32
	EndGlobalSection
	GlobalSection(SolutionProperties) = preSolution
		HideSolutionNode = FALSE
	EndGlobalSection
	GlobalSection(ExtensibilityGlobals) = postSolution
		SolutionGuid = {CA1BB90F-A37D-436C-BF2D-0AEA65BA7994}
	EndGlobalSection
EndGlobal
